
Microsoft Visual Studio Solution File, Format Version 12.00
# Visual Studio 2013
VisualStudioVersion = 12.0.21005.1
MinimumVisualStudioVersion = 10.0.40219.1
Project("{FAE04EC0-301F-11D3-BF4B-00C04F79EFBC}") = "SSW.SqlVerify.Core", "SSW.SqlVerify.Core\SSW.SqlVerify.Core.csproj", "{925E9A7D-85EC-4FEC-83ED-051237937132}"
EndProject
Project("{FAE04EC0-301F-11D3-BF4B-00C04F79EFBC}") = "SSW.SqlVerify.Core.Test.Integration", "SSW.SqlVerify.Core.Test.Integration\SSW.SqlVerify.Core.Test.Integration.csproj", "{70002E3D-2B0E-4DB7-B929-5DF91D4D2B1D}"
EndProject
Project("{FAE04EC0-301F-11D3-BF4B-00C04F79EFBC}") = "SSW.SqlVerify.Core.SqlCe", "SSW.SqlVerify.Core.SqlCe\SSW.SqlVerify.Core.SqlCe.csproj", "{BCC95B93-49CF-452D-82C7-3F94510FDA76}"
EndProject
Project("{FAE04EC0-301F-11D3-BF4B-00C04F79EFBC}") = "SSW.SqlVerify.EF", "SSW.SqlVerify.EF\SSW.SqlVerify.EF.csproj", "{E4D5497B-1F53-4A1B-9B4F-A902BCB01B2E}"
EndProject
Project("{2150E333-8FDC-42A3-9474-1A3956D46DE8}") = ".nuget", ".nuget", "{3D710862-4C74-4079-A94E-580A73884A82}"
	ProjectSection(SolutionItems) = preProject
		.nuget\packages.config = .nuget\packages.config
	EndProjectSection
EndProject
Project("{FAE04EC0-301F-11D3-BF4B-00C04F79EFBC}") = "SSW.SqlVerify.DbUp", "SSW.SqlVerify.DbUp\SSW.SqlVerify.DbUp.csproj", "{9CC860BA-8A51-45C3-B371-DC95B982D5D2}"
EndProject
Global
	GlobalSection(SolutionConfigurationPlatforms) = preSolution
		Debug|Any CPU = Debug|Any CPU
		Release|Any CPU = Release|Any CPU
	EndGlobalSection
	GlobalSection(ProjectConfigurationPlatforms) = postSolution
		{925E9A7D-85EC-4FEC-83ED-051237937132}.Debug|Any CPU.ActiveCfg = Debug|Any CPU
		{925E9A7D-85EC-4FEC-83ED-051237937132}.Debug|Any CPU.Build.0 = Debug|Any CPU
		{925E9A7D-85EC-4FEC-83ED-051237937132}.Release|Any CPU.ActiveCfg = Release|Any CPU
		{925E9A7D-85EC-4FEC-83ED-051237937132}.Release|Any CPU.Build.0 = Release|Any CPU
		{70002E3D-2B0E-4DB7-B929-5DF91D4D2B1D}.Debug|Any CPU.ActiveCfg = Debug|Any CPU
		{70002E3D-2B0E-4DB7-B929-5DF91D4D2B1D}.Debug|Any CPU.Build.0 = Debug|Any CPU
		{70002E3D-2B0E-4DB7-B929-5DF91D4D2B1D}.Release|Any CPU.ActiveCfg = Release|Any CPU
		{70002E3D-2B0E-4DB7-B929-5DF91D4D2B1D}.Release|Any CPU.Build.0 = Release|Any CPU
		{BCC95B93-49CF-452D-82C7-3F94510FDA76}.Debug|Any CPU.ActiveCfg = Debug|Any CPU
		{BCC95B93-49CF-452D-82C7-3F94510FDA76}.Debug|Any CPU.Build.0 = Debug|Any CPU
		{BCC95B93-49CF-452D-82C7-3F94510FDA76}.Release|Any CPU.ActiveCfg = Release|Any CPU
		{BCC95B93-49CF-452D-82C7-3F94510FDA76}.Release|Any CPU.Build.0 = Release|Any CPU
		{E4D5497B-1F53-4A1B-9B4F-A902BCB01B2E}.Debug|Any CPU.ActiveCfg = Debug|Any CPU
		{E4D5497B-1F53-4A1B-9B4F-A902BCB01B2E}.Debug|Any CPU.Build.0 = Debug|Any CPU
		{E4D5497B-1F53-4A1B-9B4F-A902BCB01B2E}.Release|Any CPU.ActiveCfg = Release|Any CPU
		{E4D5497B-1F53-4A1B-9B4F-A902BCB01B2E}.Release|Any CPU.Build.0 = Release|Any CPU
		{9CC860BA-8A51-45C3-B371-DC95B982D5D2}.Debug|Any CPU.ActiveCfg = Debug|Any CPU
		{9CC860BA-8A51-45C3-B371-DC95B982D5D2}.Debug|Any CPU.Build.0 = Debug|Any CPU
		{9CC860BA-8A51-45C3-B371-DC95B982D5D2}.Release|Any CPU.ActiveCfg = Release|Any CPU
		{9CC860BA-8A51-45C3-B371-DC95B982D5D2}.Release|Any CPU.Build.0 = Release|Any CPU
	EndGlobalSection
	GlobalSection(SolutionProperties) = preSolution
		HideSolutionNode = FALSE
	EndGlobalSection
EndGlobal
